
Microsoft Visual Studio Solution File, Format Version 12.00
# Visual Studio 14
VisualStudioVersion = 14.0.25123.0
MinimumVisualStudioVersion = 10.0.40219.1
Project("{FAE04EC0-301F-11D3-BF4B-00C04F79EFBC}") = "GimbalUltra", "GimbalUltra\GimbalUltra.csproj", "{5930C092-AA07-40D3-A6E8-C60BE62ED3C2}"
EndProject
Project("{FAE04EC0-301F-11D3-BF4B-00C04F79EFBC}") = "GimbalServerPro", "GimbalServerPro\GimbalServerPro.csproj", "{0835E31B-4BBE-4618-945C-451ACE258CF8}"
EndProject
Project("{FAE04EC0-301F-11D3-BF4B-00C04F79EFBC}") = "GimbalServerUltra", "GimbalServerUltra\GimbalServerUltra.csproj", "{12A89103-2BA9-4250-8B7F-E67E912433A3}"
EndProject
Project("{FAE04EC0-301F-11D3-BF4B-00C04F79EFBC}") = "GimbalPartDump", "GimbalPartDump\GimbalPartDump.csproj", "{4D3524E6-615F-4592-80BE-C65FE7F19768}"
EndProject
Project("{FAE04EC0-301F-11D3-BF4B-00C04F79EFBC}") = "GimbalLogs", "GimbalBots\GimbalLogs.csproj", "{5324BCE5-D9DD-428B-AB6B-B7F1B32DB827}"
EndProject
Project("{FAE04EC0-301F-11D3-BF4B-00C04F79EFBC}") = "GimbalMissileBox", "GimbalMissileBox\GimbalMissileBox.csproj", "{BA5C9289-CD24-4D69-9D4D-CD594E3BEE5D}"
EndProject
Project("{FAE04EC0-301F-11D3-BF4B-00C04F79EFBC}") = "Ultra", "Ultra\Ultra.csproj", "{5AC17536-8754-45BB-B07F-71CE3684E583}"
EndProject
Project("{FAE04EC0-301F-11D3-BF4B-00C04F79EFBC}") = "TheFuck", "TheFuck\TheFuck.csproj", "{6B18C0F1-7800-4C62-B733-3D4D61956695}"
EndProject
Project("{FAE04EC0-301F-11D3-BF4B-00C04F79EFBC}") = "MastermindArmor", "MastermindArmor\MastermindArmor.csproj", "{2EB21381-2B94-42B9-A54D-E32D120AC3F5}"
EndProject
Project("{FAE04EC0-301F-11D3-BF4B-00C04F79EFBC}") = "PlasmaCannon", "RailCannon\PlasmaCannon.csproj", "{94B495A0-858D-4F43-94FE-77CDF5AEA000}"
EndProject
Project("{FAE04EC0-301F-11D3-BF4B-00C04F79EFBC}") = "GimbalTest", "GimbalTest\GimbalTest.csproj", "{A36683A7-B853-4912-82F0-643866AA66A1}"
EndProject
Project("{FAE04EC0-301F-11D3-BF4B-00C04F79EFBC}") = "TitanEngine", "TitanEngine\TitanEngine.csproj", "{876F552B-4D3B-4F1B-BC9A-6E58AD093754}"
EndProject
Project("{FAE04EC0-301F-11D3-BF4B-00C04F79EFBC}") = "Wasp", "Wasp\Wasp.csproj", "{E4C460AF-9B50-49F3-9A81-8505F05479D6}"
EndProject
Project("{FAE04EC0-301F-11D3-BF4B-00C04F79EFBC}") = "HangarBoost", "HangarBoost\HangarBoost.csproj", "{1C793E69-4620-43AD-A0F8-5B109B2B482B}"
EndProject
Project("{FAE04EC0-301F-11D3-BF4B-00C04F79EFBC}") = "Drones", "Drones\Drones.csproj", "{5368B3F4-7435-4412-8517-BFAFA48214A6}"
EndProject
Project("{FAE04EC0-301F-11D3-BF4B-00C04F79EFBC}") = "EditorTweaks", "EditorTweaks\EditorTweaks.csproj", "{730FB356-452C-4E0F-AF75-A800C52DD1CD}"
EndProject
Global
	GlobalSection(SolutionConfigurationPlatforms) = preSolution
		Debug|Any CPU = Debug|Any CPU
		Debug|x86 = Debug|x86
		Release|Any CPU = Release|Any CPU
		Release|x86 = Release|x86
	EndGlobalSection
	GlobalSection(ProjectConfigurationPlatforms) = postSolution
		{5930C092-AA07-40D3-A6E8-C60BE62ED3C2}.Debug|Any CPU.ActiveCfg = Debug|Any CPU
		{5930C092-AA07-40D3-A6E8-C60BE62ED3C2}.Debug|Any CPU.Build.0 = Debug|Any CPU
		{5930C092-AA07-40D3-A6E8-C60BE62ED3C2}.Debug|x86.ActiveCfg = Debug|x86
		{5930C092-AA07-40D3-A6E8-C60BE62ED3C2}.Debug|x86.Build.0 = Debug|x86
		{5930C092-AA07-40D3-A6E8-C60BE62ED3C2}.Release|Any CPU.ActiveCfg = Release|Any CPU
		{5930C092-AA07-40D3-A6E8-C60BE62ED3C2}.Release|Any CPU.Build.0 = Release|Any CPU
		{5930C092-AA07-40D3-A6E8-C60BE62ED3C2}.Release|x86.ActiveCfg = Release|x86
		{5930C092-AA07-40D3-A6E8-C60BE62ED3C2}.Release|x86.Build.0 = Release|x86
		{0835E31B-4BBE-4618-945C-451ACE258CF8}.Debug|Any CPU.ActiveCfg = Debug|x86
		{0835E31B-4BBE-4618-945C-451ACE258CF8}.Debug|x86.ActiveCfg = Debug|x86
		{0835E31B-4BBE-4618-945C-451ACE258CF8}.Debug|x86.Build.0 = Debug|x86
		{0835E31B-4BBE-4618-945C-451ACE258CF8}.Release|Any CPU.ActiveCfg = Release|x86
		{0835E31B-4BBE-4618-945C-451ACE258CF8}.Release|x86.ActiveCfg = Release|x86
		{0835E31B-4BBE-4618-945C-451ACE258CF8}.Release|x86.Build.0 = Release|x86
		{12A89103-2BA9-4250-8B7F-E67E912433A3}.Debug|Any CPU.ActiveCfg = Debug|x86
		{12A89103-2BA9-4250-8B7F-E67E912433A3}.Debug|x86.ActiveCfg = Debug|x86
		{12A89103-2BA9-4250-8B7F-E67E912433A3}.Debug|x86.Build.0 = Debug|x86
		{12A89103-2BA9-4250-8B7F-E67E912433A3}.Release|Any CPU.ActiveCfg = Release|x86
		{12A89103-2BA9-4250-8B7F-E67E912433A3}.Release|x86.ActiveCfg = Release|x86
		{12A89103-2BA9-4250-8B7F-E67E912433A3}.Release|x86.Build.0 = Release|x86
		{4D3524E6-615F-4592-80BE-C65FE7F19768}.Debug|Any CPU.ActiveCfg = Debug|Any CPU
		{4D3524E6-615F-4592-80BE-C65FE7F19768}.Debug|Any CPU.Build.0 = Debug|Any CPU
		{4D3524E6-615F-4592-80BE-C65FE7F19768}.Debug|x86.ActiveCfg = Debug|x86
		{4D3524E6-615F-4592-80BE-C65FE7F19768}.Release|Any CPU.ActiveCfg = Release|Any CPU
		{4D3524E6-615F-4592-80BE-C65FE7F19768}.Release|Any CPU.Build.0 = Release|Any CPU
		{4D3524E6-615F-4592-80BE-C65FE7F19768}.Release|x86.ActiveCfg = Release|x86
		{4D3524E6-615F-4592-80BE-C65FE7F19768}.Release|x86.Build.0 = Release|x86
		{5324BCE5-D9DD-428B-AB6B-B7F1B32DB827}.Debug|Any CPU.ActiveCfg = Debug|Any CPU
		{5324BCE5-D9DD-428B-AB6B-B7F1B32DB827}.Debug|Any CPU.Build.0 = Debug|Any CPU
		{5324BCE5-D9DD-428B-AB6B-B7F1B32DB827}.Debug|x86.ActiveCfg = Debug|x86
		{5324BCE5-D9DD-428B-AB6B-B7F1B32DB827}.Debug|x86.Build.0 = Debug|x86
		{5324BCE5-D9DD-428B-AB6B-B7F1B32DB827}.Release|Any CPU.ActiveCfg = Release|Any CPU
		{5324BCE5-D9DD-428B-AB6B-B7F1B32DB827}.Release|Any CPU.Build.0 = Release|Any CPU
		{5324BCE5-D9DD-428B-AB6B-B7F1B32DB827}.Release|x86.ActiveCfg = Release|x86
		{5324BCE5-D9DD-428B-AB6B-B7F1B32DB827}.Release|x86.Build.0 = Release|x86
		{BA5C9289-CD24-4D69-9D4D-CD594E3BEE5D}.Debug|Any CPU.ActiveCfg = Debug|Any CPU
		{BA5C9289-CD24-4D69-9D4D-CD594E3BEE5D}.Debug|Any CPU.Build.0 = Debug|Any CPU
		{BA5C9289-CD24-4D69-9D4D-CD594E3BEE5D}.Debug|x86.ActiveCfg = Debug|x86
		{BA5C9289-CD24-4D69-9D4D-CD594E3BEE5D}.Debug|x86.Build.0 = Debug|x86
		{BA5C9289-CD24-4D69-9D4D-CD594E3BEE5D}.Release|Any CPU.ActiveCfg = Release|Any CPU
		{BA5C9289-CD24-4D69-9D4D-CD594E3BEE5D}.Release|Any CPU.Build.0 = Release|Any CPU
		{BA5C9289-CD24-4D69-9D4D-CD594E3BEE5D}.Release|x86.ActiveCfg = Release|x86
		{BA5C9289-CD24-4D69-9D4D-CD594E3BEE5D}.Release|x86.Build.0 = Release|x86
		{5AC17536-8754-45BB-B07F-71CE3684E583}.Debug|Any CPU.ActiveCfg = Debug|Any CPU
		{5AC17536-8754-45BB-B07F-71CE3684E583}.Debug|Any CPU.Build.0 = Debug|Any CPU
		{5AC17536-8754-45BB-B07F-71CE3684E583}.Debug|x86.ActiveCfg = Debug|x86
		{5AC17536-8754-45BB-B07F-71CE3684E583}.Debug|x86.Build.0 = Debug|x86
		{5AC17536-8754-45BB-B07F-71CE3684E583}.Release|Any CPU.ActiveCfg = Release|Any CPU
		{5AC17536-8754-45BB-B07F-71CE3684E583}.Release|Any CPU.Build.0 = Release|Any CPU
		{5AC17536-8754-45BB-B07F-71CE3684E583}.Release|x86.ActiveCfg = Release|x86
		{5AC17536-8754-45BB-B07F-71CE3684E583}.Release|x86.Build.0 = Release|x86
		{6B18C0F1-7800-4C62-B733-3D4D61956695}.Debug|Any CPU.ActiveCfg = Debug|Any CPU
		{6B18C0F1-7800-4C62-B733-3D4D61956695}.Debug|Any CPU.Build.0 = Debug|Any CPU
		{6B18C0F1-7800-4C62-B733-3D4D61956695}.Debug|x86.ActiveCfg = Debug|x86
		{6B18C0F1-7800-4C62-B733-3D4D61956695}.Debug|x86.Build.0 = Debug|x86
		{6B18C0F1-7800-4C62-B733-3D4D61956695}.Release|Any CPU.ActiveCfg = Release|Any CPU
		{6B18C0F1-7800-4C62-B733-3D4D61956695}.Release|Any CPU.Build.0 = Release|Any CPU
		{6B18C0F1-7800-4C62-B733-3D4D61956695}.Release|x86.ActiveCfg = Release|x86
		{6B18C0F1-7800-4C62-B733-3D4D61956695}.Release|x86.Build.0 = Release|x86
		{2EB21381-2B94-42B9-A54D-E32D120AC3F5}.Debug|Any CPU.ActiveCfg = Debug|Any CPU
		{2EB21381-2B94-42B9-A54D-E32D120AC3F5}.Debug|Any CPU.Build.0 = Debug|Any CPU
		{2EB21381-2B94-42B9-A54D-E32D120AC3F5}.Debug|x86.ActiveCfg = Debug|x86
		{2EB21381-2B94-42B9-A54D-E32D120AC3F5}.Debug|x86.Build.0 = Debug|x86
		{2EB21381-2B94-42B9-A54D-E32D120AC3F5}.Release|Any CPU.ActiveCfg = Release|Any CPU
		{2EB21381-2B94-42B9-A54D-E32D120AC3F5}.Release|Any CPU.Build.0 = Release|Any CPU
		{2EB21381-2B94-42B9-A54D-E32D120AC3F5}.Release|x86.ActiveCfg = Release|x86
		{2EB21381-2B94-42B9-A54D-E32D120AC3F5}.Release|x86.Build.0 = Release|x86
		{94B495A0-858D-4F43-94FE-77CDF5AEA000}.Debug|Any CPU.ActiveCfg = Debug|Any CPU
		{94B495A0-858D-4F43-94FE-77CDF5AEA000}.Debug|Any CPU.Build.0 = Debug|Any CPU
		{94B495A0-858D-4F43-94FE-77CDF5AEA000}.Debug|x86.ActiveCfg = Debug|x86
		{94B495A0-858D-4F43-94FE-77CDF5AEA000}.Debug|x86.Build.0 = Debug|x86
		{94B495A0-858D-4F43-94FE-77CDF5AEA000}.Release|Any CPU.ActiveCfg = Release|Any CPU
		{94B495A0-858D-4F43-94FE-77CDF5AEA000}.Release|Any CPU.Build.0 = Release|Any CPU
		{94B495A0-858D-4F43-94FE-77CDF5AEA000}.Release|x86.ActiveCfg = Release|x86
		{94B495A0-858D-4F43-94FE-77CDF5AEA000}.Release|x86.Build.0 = Release|x86
		{A36683A7-B853-4912-82F0-643866AA66A1}.Debug|Any CPU.ActiveCfg = Debug|Any CPU
		{A36683A7-B853-4912-82F0-643866AA66A1}.Debug|Any CPU.Build.0 = Debug|Any CPU
		{A36683A7-B853-4912-82F0-643866AA66A1}.Debug|x86.ActiveCfg = Debug|x86
		{A36683A7-B853-4912-82F0-643866AA66A1}.Debug|x86.Build.0 = Debug|x86
		{A36683A7-B853-4912-82F0-643866AA66A1}.Release|Any CPU.ActiveCfg = Release|Any CPU
		{A36683A7-B853-4912-82F0-643866AA66A1}.Release|Any CPU.Build.0 = Release|Any CPU
		{A36683A7-B853-4912-82F0-643866AA66A1}.Release|x86.ActiveCfg = Release|x86
		{A36683A7-B853-4912-82F0-643866AA66A1}.Release|x86.Build.0 = Release|x86
		{876F552B-4D3B-4F1B-BC9A-6E58AD093754}.Debug|Any CPU.ActiveCfg = Debug|Any CPU
		{876F552B-4D3B-4F1B-BC9A-6E58AD093754}.Debug|Any CPU.Build.0 = Debug|Any CPU
		{876F552B-4D3B-4F1B-BC9A-6E58AD093754}.Debug|x86.ActiveCfg = Debug|x86
		{876F552B-4D3B-4F1B-BC9A-6E58AD093754}.Debug|x86.Build.0 = Debug|x86
		{876F552B-4D3B-4F1B-BC9A-6E58AD093754}.Release|Any CPU.ActiveCfg = Release|Any CPU
		{876F552B-4D3B-4F1B-BC9A-6E58AD093754}.Release|Any CPU.Build.0 = Release|Any CPU
		{876F552B-4D3B-4F1B-BC9A-6E58AD093754}.Release|x86.ActiveCfg = Release|x86
		{876F552B-4D3B-4F1B-BC9A-6E58AD093754}.Release|x86.Build.0 = Release|x86
		{E4C460AF-9B50-49F3-9A81-8505F05479D6}.Debug|Any CPU.ActiveCfg = Debug|Any CPU
		{E4C460AF-9B50-49F3-9A81-8505F05479D6}.Debug|Any CPU.Build.0 = Debug|Any CPU
		{E4C460AF-9B50-49F3-9A81-8505F05479D6}.Debug|x86.ActiveCfg = Debug|x86
		{E4C460AF-9B50-49F3-9A81-8505F05479D6}.Debug|x86.Build.0 = Debug|x86
		{E4C460AF-9B50-49F3-9A81-8505F05479D6}.Release|Any CPU.ActiveCfg = Release|Any CPU
		{E4C460AF-9B50-49F3-9A81-8505F05479D6}.Release|Any CPU.Build.0 = Release|Any CPU
		{E4C460AF-9B50-49F3-9A81-8505F05479D6}.Release|x86.ActiveCfg = Release|x86
		{E4C460AF-9B50-49F3-9A81-8505F05479D6}.Release|x86.Build.0 = Release|x86
		{1C793E69-4620-43AD-A0F8-5B109B2B482B}.Debug|Any CPU.ActiveCfg = Debug|Any CPU
		{1C793E69-4620-43AD-A0F8-5B109B2B482B}.Debug|Any CPU.Build.0 = Debug|Any CPU
		{1C793E69-4620-43AD-A0F8-5B109B2B482B}.Debug|x86.ActiveCfg = Debug|x86
		{1C793E69-4620-43AD-A0F8-5B109B2B482B}.Debug|x86.Build.0 = Debug|x86
		{1C793E69-4620-43AD-A0F8-5B109B2B482B}.Release|Any CPU.ActiveCfg = Release|Any CPU
		{1C793E69-4620-43AD-A0F8-5B109B2B482B}.Release|Any CPU.Build.0 = Release|Any CPU
		{1C793E69-4620-43AD-A0F8-5B109B2B482B}.Release|x86.ActiveCfg = Release|x86
		{1C793E69-4620-43AD-A0F8-5B109B2B482B}.Release|x86.Build.0 = Release|x86
		{5368B3F4-7435-4412-8517-BFAFA48214A6}.Debug|Any CPU.ActiveCfg = Debug|Any CPU
		{5368B3F4-7435-4412-8517-BFAFA48214A6}.Debug|Any CPU.Build.0 = Debug|Any CPU
		{5368B3F4-7435-4412-8517-BFAFA48214A6}.Debug|x86.ActiveCfg = Debug|x86
		{5368B3F4-7435-4412-8517-BFAFA48214A6}.Debug|x86.Build.0 = Debug|x86
		{5368B3F4-7435-4412-8517-BFAFA48214A6}.Release|Any CPU.ActiveCfg = Release|Any CPU
		{5368B3F4-7435-4412-8517-BFAFA48214A6}.Release|Any CPU.Build.0 = Release|Any CPU
		{5368B3F4-7435-4412-8517-BFAFA48214A6}.Release|x86.ActiveCfg = Release|x86
		{5368B3F4-7435-4412-8517-BFAFA48214A6}.Release|x86.Build.0 = Release|x86
		{730FB356-452C-4E0F-AF75-A800C52DD1CD}.Debug|Any CPU.ActiveCfg = Debug|Any CPU
		{730FB356-452C-4E0F-AF75-A800C52DD1CD}.Debug|Any CPU.Build.0 = Debug|Any CPU
		{730FB356-452C-4E0F-AF75-A800C52DD1CD}.Debug|x86.ActiveCfg = Debug|Any CPU
		{730FB356-452C-4E0F-AF75-A800C52DD1CD}.Debug|x86.Build.0 = Debug|Any CPU
		{730FB356-452C-4E0F-AF75-A800C52DD1CD}.Release|Any CPU.ActiveCfg = Release|Any CPU
		{730FB356-452C-4E0F-AF75-A800C52DD1CD}.Release|Any CPU.Build.0 = Release|Any CPU
		{730FB356-452C-4E0F-AF75-A800C52DD1CD}.Release|x86.ActiveCfg = Release|x86
		{730FB356-452C-4E0F-AF75-A800C52DD1CD}.Release|x86.Build.0 = Release|x86
	EndGlobalSection
	GlobalSection(SolutionProperties) = preSolution
		HideSolutionNode = FALSE
	EndGlobalSection
EndGlobal
